
Microsoft Visual Studio Solution File, Format Version 12.00
# Visual Studio Version 17
VisualStudioVersion = 17.14.36623.8 d17.14
MinimumVisualStudioVersion = 10.0.40219.1
Project("{FAE04EC0-301F-11D3-BF4B-00C04F79EFBC}") = "AgrculturePriceTracker", "AgrculturePriceTracker.csproj", "{6527E777-A401-4A9C-A3E7-E48A44578AAD}"
EndProject
Global
	GlobalSection(SolutionConfigurationPlatforms) = preSolution
		Debug|Any CPU = Debug|Any CPU
		Release|Any CPU = Release|Any CPU
	EndGlobalSection
	GlobalSection(ProjectConfigurationPlatforms) = postSolution
		{6527E777-A401-4A9C-A3E7-E48A44578AAD}.Debug|Any CPU.ActiveCfg = Debug|Any CPU
		{6527E777-A401-4A9C-A3E7-E48A44578AAD}.Debug|Any CPU.Build.0 = Debug|Any CPU
		{6527E777-A401-4A9C-A3E7-E48A44578AAD}.Release|Any CPU.ActiveCfg = Release|Any CPU
		{6527E777-A401-4A9C-A3E7-E48A44578AAD}.Release|Any CPU.Build.0 = Release|Any CPU
	EndGlobalSection
	GlobalSection(SolutionProperties) = preSolution
		HideSolutionNode = FALSE
	EndGlobalSection
	GlobalSection(ExtensibilityGlobals) = postSolution
		SolutionGuid = {5E6BB248-6DD6-4E88-9578-2DEA46A4DD03}
	EndGlobalSection
EndGlobal
